
Microsoft Visual Studio Solution File, Format Version 12.00
# Visual Studio Version 16
VisualStudioVersion = 16.0.30413.136
MinimumVisualStudioVersion = 10.0.40219.1
Project("{FAE04EC0-301F-11D3-BF4B-00C04F79EFBC}") = "UitRes", "UitRes\UitRes.csproj", "{BD65BF8B-B782-4B7D-94DD-2EDBEA763A13}"
EndProject
Global
	GlobalSection(SolutionConfigurationPlatforms) = preSolution
		Debug|Any CPU = Debug|Any CPU
		Release|Any CPU = Release|Any CPU
	EndGlobalSection
	GlobalSection(ProjectConfigurationPlatforms) = postSolution
		{BD65BF8B-B782-4B7D-94DD-2EDBEA763A13}.Debug|Any CPU.ActiveCfg = Debug|Any CPU
		{BD65BF8B-B782-4B7D-94DD-2EDBEA763A13}.Debug|Any CPU.Build.0 = Debug|Any CPU
		{BD65BF8B-B782-4B7D-94DD-2EDBEA763A13}.Release|Any CPU.ActiveCfg = Release|Any CPU
		{BD65BF8B-B782-4B7D-94DD-2EDBEA763A13}.Release|Any CPU.Build.0 = Release|Any CPU
	EndGlobalSection
	GlobalSection(SolutionProperties) = preSolution
		HideSolutionNode = FALSE
	EndGlobalSection
	GlobalSection(ExtensibilityGlobals) = postSolution
		SolutionGuid = {DC651000-759E-4B55-B0B9-D6EC7993D242}
	EndGlobalSection
EndGlobal
